
Microsoft Visual Studio Solution File, Format Version 11.00
# Visual Studio 2010
Project("{FAE04EC0-301F-11D3-BF4B-00C04F79EFBC}") = "Assembly-CSharp", "Assembly-CSharp.csproj", "{D2D81760-0168-CE5F-10FD-7CEEEE094E01}"
EndProject
Project("{FAE04EC0-301F-11D3-BF4B-00C04F79EFBC}") = "Assembly-CSharp-Editor", "Assembly-CSharp-Editor.csproj", "{620CD35C-9542-0AC3-DF44-97D4ED4B29F0}"
EndProject
Global
	GlobalSection(SolutionConfigurationPlatforms) = preSolution
		Debug|Any CPU = Debug|Any CPU
		Release|Any CPU = Release|Any CPU
	EndGlobalSection
	GlobalSection(ProjectConfigurationPlatforms) = postSolution
		{D2D81760-0168-CE5F-10FD-7CEEEE094E01}.Debug|Any CPU.ActiveCfg = Debug|Any CPU
		{D2D81760-0168-CE5F-10FD-7CEEEE094E01}.Debug|Any CPU.Build.0 = Debug|Any CPU
		{D2D81760-0168-CE5F-10FD-7CEEEE094E01}.Release|Any CPU.ActiveCfg = Release|Any CPU
		{D2D81760-0168-CE5F-10FD-7CEEEE094E01}.Release|Any CPU.Build.0 = Release|Any CPU
		{620CD35C-9542-0AC3-DF44-97D4ED4B29F0}.Debug|Any CPU.ActiveCfg = Debug|Any CPU
		{620CD35C-9542-0AC3-DF44-97D4ED4B29F0}.Debug|Any CPU.Build.0 = Debug|Any CPU
		{620CD35C-9542-0AC3-DF44-97D4ED4B29F0}.Release|Any CPU.ActiveCfg = Release|Any CPU
		{620CD35C-9542-0AC3-DF44-97D4ED4B29F0}.Release|Any CPU.Build.0 = Release|Any CPU
	EndGlobalSection
	GlobalSection(SolutionProperties) = preSolution
		HideSolutionNode = FALSE
	EndGlobalSection
EndGlobal
